{
  "lockfileVersion": 1,
  "configVersion": 1,
  "workspaces": {
    "": {
      "dependencies": {
        "@paper-design/shaders": "^0.0.72",
      },
    },
  },
  "packages": {
    "@paper-design/shaders": ["@paper-design/shaders@0.0.72", "", {}, "sha512-rk2BFuV5ood2DaivbxJC2jQMzaB434isDUzdUQ85Cy0OWnUMuxl8kyGMR74TDPyjo3EvcHIyreNLkJdRG+GfSA=="],
  }
}
